
Microsoft Visual Studio Solution File, Format Version 12.00
# Visual Studio Version 17
VisualStudioVersion = 17.9.34622.214
MinimumVisualStudioVersion = 10.0.40219.1
Project("{8BC9CEB8-8B4A-11D0-8D11-00A0C91BC942}") = "Lecture05-HW", "Lecture05-HW\Lecture05-HW.vcxproj", "{CACAC616-ABA2-4BE0-9BEB-E5CD6E97FB71}"
EndProject
Global
	GlobalSection(SolutionConfigurationPlatforms) = preSolution
		Debug|x64 = Debug|x64
		Debug|x86 = Debug|x86
		Release|x64 = Release|x64
		Release|x86 = Release|x86
	EndGlobalSection
	GlobalSection(ProjectConfigurationPlatforms) = postSolution
		{CACAC616-ABA2-4BE0-9BEB-E5CD6E97FB71}.Debug|x64.ActiveCfg = Debug|x64
		{CACAC616-ABA2-4BE0-9BEB-E5CD6E97FB71}.Debug|x64.Build.0 = Debug|x64
		{CACAC616-ABA2-4BE0-9BEB-E5CD6E97FB71}.Debug|x86.ActiveCfg = Debug|Win32
		{CACAC616-ABA2-4BE0-9BEB-E5CD6E97FB71}.Debug|x86.Build.0 = Debug|Win32
		{CACAC616-ABA2-4BE0-9BEB-E5CD6E97FB71}.Release|x64.ActiveCfg = Release|x64
		{CACAC616-ABA2-4BE0-9BEB-E5CD6E97FB71}.Release|x64.Build.0 = Release|x64
		{CACAC616-ABA2-4BE0-9BEB-E5CD6E97FB71}.Release|x86.ActiveCfg = Release|Win32
		{CACAC616-ABA2-4BE0-9BEB-E5CD6E97FB71}.Release|x86.Build.0 = Release|Win32
	EndGlobalSection
	GlobalSection(SolutionProperties) = preSolution
		HideSolutionNode = FALSE
	EndGlobalSection
	GlobalSection(ExtensibilityGlobals) = postSolution
		SolutionGuid = {4512EC41-279D-454D-B6F7-456DFB42F610}
	EndGlobalSection
EndGlobal
